
Microsoft Visual Studio Solution File, Format Version 12.00
# Visual Studio 14
VisualStudioVersion = 14.0.25420.1
MinimumVisualStudioVersion = 10.0.40219.1
Project("{2150E333-8FDC-42A3-9474-1A3956D46DE8}") = "src", "src", "{FD46156B-EDAA-4F1D-A9DE-4F023DA86EB8}"
EndProject
Project("{2150E333-8FDC-42A3-9474-1A3956D46DE8}") = "Solution Items", "Solution Items", "{9ED131A5-070E-44FB-BC7B-67C8EC47CB39}"
	ProjectSection(SolutionItems) = preProject
		Common\AssemblyVersion.cs = Common\AssemblyVersion.cs
		Common\CommonAssemblyInfo.cs = Common\CommonAssemblyInfo.cs
		Common\CommonVersionInfo.cs = Common\CommonVersionInfo.cs
		global.json = global.json
		LICENSE = LICENSE
		NuGet.Config = NuGet.Config
		readme.md = readme.md
	EndProjectSection
EndProject
Project("{2150E333-8FDC-42A3-9474-1A3956D46DE8}") = "Serialization", "Serialization", "{40CB25EA-DCAE-47E3-A360-694C12E12977}"
EndProject
Project("{8BB2217D-0F2D-49D1-97BC-3654ED321F3B}") = "CuteAnt.Extensions.Logging.Abstractions", "src\CuteAnt.Extensions.Logging.Abstractions\CuteAnt.Extensions.Logging.Abstractions.xproj", "{88D14C0A-E72B-4651-84A9-C6FE86CBB660}"
EndProject
Project("{8BB2217D-0F2D-49D1-97BC-3654ED321F3B}") = "CuteAnt.Extensions.Logging", "src\CuteAnt.Extensions.Logging\CuteAnt.Extensions.Logging.xproj", "{8791936A-E57E-4E31-B56F-D3B2667AFFAE}"
EndProject
Project("{2150E333-8FDC-42A3-9474-1A3956D46DE8}") = "Logging", "Logging", "{314D5AFE-2A7B-4CFF-8476-4929AC47EDEA}"
EndProject
Project("{8BB2217D-0F2D-49D1-97BC-3654ED321F3B}") = "CuteAnt.Extensions.Primitives", "src\CuteAnt.Extensions.Primitives\CuteAnt.Extensions.Primitives.xproj", "{06CEF696-9118-4481-9208-FDDD080A8972}"
EndProject
Project("{2150E333-8FDC-42A3-9474-1A3956D46DE8}") = "Common", "Common", "{45A30107-E174-4EBF-BC57-D43BD3AB29ED}"
EndProject
Project("{8BB2217D-0F2D-49D1-97BC-3654ED321F3B}") = "CuteAnt.Extensions.JsonPatch", "src\CuteAnt.Extensions.JsonPatch\CuteAnt.Extensions.JsonPatch.xproj", "{826DA415-90B2-4F2B-B593-003F029394D4}"
EndProject
Project("{2150E333-8FDC-42A3-9474-1A3956D46DE8}") = "nuspecs", "nuspecs", "{98352AFB-64AF-456F-9E44-CB5CCB186F62}"
	ProjectSection(SolutionItems) = preProject
		nuspecs\clean_nupkg.bat = nuspecs\clean_nupkg.bat
		nuspecs\clean_symbols.bat = nuspecs\clean_symbols.bat
		nuspecs\pack.bat = nuspecs\pack.bat
		nuspecs\publishing.cmd = nuspecs\publishing.cmd
	EndProjectSection
EndProject
Project("{8BB2217D-0F2D-49D1-97BC-3654ED321F3B}") = "CuteAnt.Extensions.Logging.Filter", "src\CuteAnt.Extensions.Logging.Filter\CuteAnt.Extensions.Logging.Filter.xproj", "{8FBD17EB-5746-49AD-8EDE-AB22722C74CC}"
EndProject
Project("{8BB2217D-0F2D-49D1-97BC-3654ED321F3B}") = "CuteAnt.Extensions.DependencyInjection.Abstractions", "src\CuteAnt.Extensions.DependencyInjection.Abstractions\CuteAnt.Extensions.DependencyInjection.Abstractions.xproj", "{00DF17D0-D331-4963-9290-983279C1CA85}"
EndProject
Project("{8BB2217D-0F2D-49D1-97BC-3654ED321F3B}") = "CuteAnt.Text.Encodings.Web", "src\CuteAnt.Text.Encodings.Web\CuteAnt.Text.Encodings.Web.xproj", "{30D36716-02C5-425F-85CA-091C65772EBD}"
EndProject
Global
	GlobalSection(SolutionConfigurationPlatforms) = preSolution
		Debug|Any CPU = Debug|Any CPU
		Release|Any CPU = Release|Any CPU
	EndGlobalSection
	GlobalSection(ProjectConfigurationPlatforms) = postSolution
		{88D14C0A-E72B-4651-84A9-C6FE86CBB660}.Debug|Any CPU.ActiveCfg = Debug|Any CPU
		{88D14C0A-E72B-4651-84A9-C6FE86CBB660}.Debug|Any CPU.Build.0 = Debug|Any CPU
		{88D14C0A-E72B-4651-84A9-C6FE86CBB660}.Release|Any CPU.ActiveCfg = Release|Any CPU
		{88D14C0A-E72B-4651-84A9-C6FE86CBB660}.Release|Any CPU.Build.0 = Release|Any CPU
		{8791936A-E57E-4E31-B56F-D3B2667AFFAE}.Debug|Any CPU.ActiveCfg = Debug|Any CPU
		{8791936A-E57E-4E31-B56F-D3B2667AFFAE}.Debug|Any CPU.Build.0 = Debug|Any CPU
		{8791936A-E57E-4E31-B56F-D3B2667AFFAE}.Release|Any CPU.ActiveCfg = Release|Any CPU
		{8791936A-E57E-4E31-B56F-D3B2667AFFAE}.Release|Any CPU.Build.0 = Release|Any CPU
		{06CEF696-9118-4481-9208-FDDD080A8972}.Debug|Any CPU.ActiveCfg = Debug|Any CPU
		{06CEF696-9118-4481-9208-FDDD080A8972}.Debug|Any CPU.Build.0 = Debug|Any CPU
		{06CEF696-9118-4481-9208-FDDD080A8972}.Release|Any CPU.ActiveCfg = Release|Any CPU
		{06CEF696-9118-4481-9208-FDDD080A8972}.Release|Any CPU.Build.0 = Release|Any CPU
		{826DA415-90B2-4F2B-B593-003F029394D4}.Debug|Any CPU.ActiveCfg = Debug|Any CPU
		{826DA415-90B2-4F2B-B593-003F029394D4}.Debug|Any CPU.Build.0 = Debug|Any CPU
		{826DA415-90B2-4F2B-B593-003F029394D4}.Release|Any CPU.ActiveCfg = Release|Any CPU
		{826DA415-90B2-4F2B-B593-003F029394D4}.Release|Any CPU.Build.0 = Release|Any CPU
		{8FBD17EB-5746-49AD-8EDE-AB22722C74CC}.Debug|Any CPU.ActiveCfg = Debug|Any CPU
		{8FBD17EB-5746-49AD-8EDE-AB22722C74CC}.Debug|Any CPU.Build.0 = Debug|Any CPU
		{8FBD17EB-5746-49AD-8EDE-AB22722C74CC}.Release|Any CPU.ActiveCfg = Release|Any CPU
		{8FBD17EB-5746-49AD-8EDE-AB22722C74CC}.Release|Any CPU.Build.0 = Release|Any CPU
		{00DF17D0-D331-4963-9290-983279C1CA85}.Debug|Any CPU.ActiveCfg = Debug|Any CPU
		{00DF17D0-D331-4963-9290-983279C1CA85}.Debug|Any CPU.Build.0 = Debug|Any CPU
		{00DF17D0-D331-4963-9290-983279C1CA85}.Release|Any CPU.ActiveCfg = Release|Any CPU
		{00DF17D0-D331-4963-9290-983279C1CA85}.Release|Any CPU.Build.0 = Release|Any CPU
		{30D36716-02C5-425F-85CA-091C65772EBD}.Debug|Any CPU.ActiveCfg = Debug|Any CPU
		{30D36716-02C5-425F-85CA-091C65772EBD}.Debug|Any CPU.Build.0 = Debug|Any CPU
		{30D36716-02C5-425F-85CA-091C65772EBD}.Release|Any CPU.ActiveCfg = Release|Any CPU
		{30D36716-02C5-425F-85CA-091C65772EBD}.Release|Any CPU.Build.0 = Release|Any CPU
	EndGlobalSection
	GlobalSection(SolutionProperties) = preSolution
		HideSolutionNode = FALSE
	EndGlobalSection
	GlobalSection(NestedProjects) = preSolution
		{40CB25EA-DCAE-47E3-A360-694C12E12977} = {FD46156B-EDAA-4F1D-A9DE-4F023DA86EB8}
		{88D14C0A-E72B-4651-84A9-C6FE86CBB660} = {314D5AFE-2A7B-4CFF-8476-4929AC47EDEA}
		{8791936A-E57E-4E31-B56F-D3B2667AFFAE} = {314D5AFE-2A7B-4CFF-8476-4929AC47EDEA}
		{314D5AFE-2A7B-4CFF-8476-4929AC47EDEA} = {FD46156B-EDAA-4F1D-A9DE-4F023DA86EB8}
		{06CEF696-9118-4481-9208-FDDD080A8972} = {45A30107-E174-4EBF-BC57-D43BD3AB29ED}
		{45A30107-E174-4EBF-BC57-D43BD3AB29ED} = {FD46156B-EDAA-4F1D-A9DE-4F023DA86EB8}
		{826DA415-90B2-4F2B-B593-003F029394D4} = {40CB25EA-DCAE-47E3-A360-694C12E12977}
		{8FBD17EB-5746-49AD-8EDE-AB22722C74CC} = {314D5AFE-2A7B-4CFF-8476-4929AC47EDEA}
		{00DF17D0-D331-4963-9290-983279C1CA85} = {45A30107-E174-4EBF-BC57-D43BD3AB29ED}
		{30D36716-02C5-425F-85CA-091C65772EBD} = {45A30107-E174-4EBF-BC57-D43BD3AB29ED}
	EndGlobalSection
EndGlobal
